
Microsoft Visual Studio Solution File, Format Version 12.00
# Visual Studio 14
VisualStudioVersion = 14.0.25123.0
MinimumVisualStudioVersion = 10.0.40219.1
Project("{FAE04EC0-301F-11D3-BF4B-00C04F79EFBC}") = "FCP.Cache.Core", "FCP.Cache.Core\FCP.Cache.Core.csproj", "{62C320B5-7987-4AD3-8EB7-51C184811724}"
EndProject
Project("{FAE04EC0-301F-11D3-BF4B-00C04F79EFBC}") = "FCP.Cache.Redis", "FCP.Cache.Redis\FCP.Cache.Redis.csproj", "{26424A41-2627-46DA-B308-5689B6AADED3}"
EndProject
Project("{FAE04EC0-301F-11D3-BF4B-00C04F79EFBC}") = "FCP.Cache.Memory", "FCP.Cache.Memory\FCP.Cache.Memory.csproj", "{9244B4A7-CC75-4261-8396-1BB8AB9913D3}"
EndProject
Project("{FAE04EC0-301F-11D3-BF4B-00C04F79EFBC}") = "FCP.Cache.Test", "FCP.Cache.Test\FCP.Cache.Test.csproj", "{D34A4A5D-C02B-4A65-9C2E-B2951C2F9033}"
EndProject
Project("{FAE04EC0-301F-11D3-BF4B-00C04F79EFBC}") = "FCP.Cache.Redis.ConsoleTest", "FCP.Cache.Redis.ConsoleTest\FCP.Cache.Redis.ConsoleTest.csproj", "{A7EC9C19-892A-45F9-96A2-5C43F40A40BD}"
EndProject
Project("{FAE04EC0-301F-11D3-BF4B-00C04F79EFBC}") = "FCP.Cache.Service", "FCP.Cache.Service\FCP.Cache.Service.csproj", "{5C503C17-54E2-401C-AE99-45C0E0D81F84}"
EndProject
Project("{FAE04EC0-301F-11D3-BF4B-00C04F79EFBC}") = "FCP.Cache.Service.Memory", "FCP.Cache.Service.Memory\FCP.Cache.Service.Memory.csproj", "{3E1056B0-FC77-4924-BF9D-CAB8B34C3E66}"
EndProject
Project("{FAE04EC0-301F-11D3-BF4B-00C04F79EFBC}") = "FCP.Cache.Service.Redis", "FCP.Cache.Service.Redis\FCP.Cache.Service.Redis.csproj", "{0DE16B92-4FE4-498F-9682-1C146BCC1FD6}"
EndProject
Project("{FAE04EC0-301F-11D3-BF4B-00C04F79EFBC}") = "FCP.Cache.Service.Test", "FCP.Cache.Service.Test\FCP.Cache.Service.Test.csproj", "{4D573A27-3ABF-4BC6-9E3B-F97173F84915}"
EndProject
Global
	GlobalSection(SolutionConfigurationPlatforms) = preSolution
		Debug|Any CPU = Debug|Any CPU
		Release|Any CPU = Release|Any CPU
	EndGlobalSection
	GlobalSection(ProjectConfigurationPlatforms) = postSolution
		{62C320B5-7987-4AD3-8EB7-51C184811724}.Debug|Any CPU.ActiveCfg = Debug|Any CPU
		{62C320B5-7987-4AD3-8EB7-51C184811724}.Debug|Any CPU.Build.0 = Debug|Any CPU
		{62C320B5-7987-4AD3-8EB7-51C184811724}.Release|Any CPU.ActiveCfg = Release|Any CPU
		{62C320B5-7987-4AD3-8EB7-51C184811724}.Release|Any CPU.Build.0 = Release|Any CPU
		{26424A41-2627-46DA-B308-5689B6AADED3}.Debug|Any CPU.ActiveCfg = Debug|Any CPU
		{26424A41-2627-46DA-B308-5689B6AADED3}.Debug|Any CPU.Build.0 = Debug|Any CPU
		{26424A41-2627-46DA-B308-5689B6AADED3}.Release|Any CPU.ActiveCfg = Release|Any CPU
		{26424A41-2627-46DA-B308-5689B6AADED3}.Release|Any CPU.Build.0 = Release|Any CPU
		{9244B4A7-CC75-4261-8396-1BB8AB9913D3}.Debug|Any CPU.ActiveCfg = Debug|Any CPU
		{9244B4A7-CC75-4261-8396-1BB8AB9913D3}.Debug|Any CPU.Build.0 = Debug|Any CPU
		{9244B4A7-CC75-4261-8396-1BB8AB9913D3}.Release|Any CPU.ActiveCfg = Release|Any CPU
		{9244B4A7-CC75-4261-8396-1BB8AB9913D3}.Release|Any CPU.Build.0 = Release|Any CPU
		{D34A4A5D-C02B-4A65-9C2E-B2951C2F9033}.Debug|Any CPU.ActiveCfg = Debug|Any CPU
		{D34A4A5D-C02B-4A65-9C2E-B2951C2F9033}.Debug|Any CPU.Build.0 = Debug|Any CPU
		{D34A4A5D-C02B-4A65-9C2E-B2951C2F9033}.Release|Any CPU.ActiveCfg = Release|Any CPU
		{D34A4A5D-C02B-4A65-9C2E-B2951C2F9033}.Release|Any CPU.Build.0 = Release|Any CPU
		{A7EC9C19-892A-45F9-96A2-5C43F40A40BD}.Debug|Any CPU.ActiveCfg = Debug|Any CPU
		{A7EC9C19-892A-45F9-96A2-5C43F40A40BD}.Debug|Any CPU.Build.0 = Debug|Any CPU
		{A7EC9C19-892A-45F9-96A2-5C43F40A40BD}.Release|Any CPU.ActiveCfg = Release|Any CPU
		{A7EC9C19-892A-45F9-96A2-5C43F40A40BD}.Release|Any CPU.Build.0 = Release|Any CPU
		{5C503C17-54E2-401C-AE99-45C0E0D81F84}.Debug|Any CPU.ActiveCfg = Debug|Any CPU
		{5C503C17-54E2-401C-AE99-45C0E0D81F84}.Debug|Any CPU.Build.0 = Debug|Any CPU
		{5C503C17-54E2-401C-AE99-45C0E0D81F84}.Release|Any CPU.ActiveCfg = Release|Any CPU
		{5C503C17-54E2-401C-AE99-45C0E0D81F84}.Release|Any CPU.Build.0 = Release|Any CPU
		{3E1056B0-FC77-4924-BF9D-CAB8B34C3E66}.Debug|Any CPU.ActiveCfg = Debug|Any CPU
		{3E1056B0-FC77-4924-BF9D-CAB8B34C3E66}.Debug|Any CPU.Build.0 = Debug|Any CPU
		{3E1056B0-FC77-4924-BF9D-CAB8B34C3E66}.Release|Any CPU.ActiveCfg = Release|Any CPU
		{3E1056B0-FC77-4924-BF9D-CAB8B34C3E66}.Release|Any CPU.Build.0 = Release|Any CPU
		{0DE16B92-4FE4-498F-9682-1C146BCC1FD6}.Debug|Any CPU.ActiveCfg = Debug|Any CPU
		{0DE16B92-4FE4-498F-9682-1C146BCC1FD6}.Debug|Any CPU.Build.0 = Debug|Any CPU
		{0DE16B92-4FE4-498F-9682-1C146BCC1FD6}.Release|Any CPU.ActiveCfg = Release|Any CPU
		{0DE16B92-4FE4-498F-9682-1C146BCC1FD6}.Release|Any CPU.Build.0 = Release|Any CPU
		{4D573A27-3ABF-4BC6-9E3B-F97173F84915}.Debug|Any CPU.ActiveCfg = Debug|Any CPU
		{4D573A27-3ABF-4BC6-9E3B-F97173F84915}.Debug|Any CPU.Build.0 = Debug|Any CPU
		{4D573A27-3ABF-4BC6-9E3B-F97173F84915}.Release|Any CPU.ActiveCfg = Release|Any CPU
		{4D573A27-3ABF-4BC6-9E3B-F97173F84915}.Release|Any CPU.Build.0 = Release|Any CPU
	EndGlobalSection
	GlobalSection(SolutionProperties) = preSolution
		HideSolutionNode = FALSE
	EndGlobalSection
EndGlobal
